
Microsoft Visual Studio Solution File, Format Version 12.00
# Visual Studio Version 16
VisualStudioVersion = 16.0.31005.135
MinimumVisualStudioVersion = 10.0.40219.1
Project("{FAE04EC0-301F-11D3-BF4B-00C04F79EFBC}") = "MyClasses", "MyClasses\MyClasses.csproj", "{C5CEE372-88C8-4D76-9E5F-C06AF0E5620D}"
EndProject
Project("{FAE04EC0-301F-11D3-BF4B-00C04F79EFBC}") = "MyClassesTest", "MyClassesTest\MyClassesTest.csproj", "{8620CAD5-52DB-4ECA-B887-EA310C732C9B}"
EndProject
Global
	GlobalSection(SolutionConfigurationPlatforms) = preSolution
		Debug|Any CPU = Debug|Any CPU
		Release|Any CPU = Release|Any CPU
	EndGlobalSection
	GlobalSection(ProjectConfigurationPlatforms) = postSolution
		{C5CEE372-88C8-4D76-9E5F-C06AF0E5620D}.Debug|Any CPU.ActiveCfg = Debug|Any CPU
		{C5CEE372-88C8-4D76-9E5F-C06AF0E5620D}.Debug|Any CPU.Build.0 = Debug|Any CPU
		{C5CEE372-88C8-4D76-9E5F-C06AF0E5620D}.Release|Any CPU.ActiveCfg = Release|Any CPU
		{C5CEE372-88C8-4D76-9E5F-C06AF0E5620D}.Release|Any CPU.Build.0 = Release|Any CPU
		{8620CAD5-52DB-4ECA-B887-EA310C732C9B}.Debug|Any CPU.ActiveCfg = Debug|Any CPU
		{8620CAD5-52DB-4ECA-B887-EA310C732C9B}.Debug|Any CPU.Build.0 = Debug|Any CPU
		{8620CAD5-52DB-4ECA-B887-EA310C732C9B}.Release|Any CPU.ActiveCfg = Release|Any CPU
		{8620CAD5-52DB-4ECA-B887-EA310C732C9B}.Release|Any CPU.Build.0 = Release|Any CPU
	EndGlobalSection
	GlobalSection(SolutionProperties) = preSolution
		HideSolutionNode = FALSE
	EndGlobalSection
	GlobalSection(ExtensibilityGlobals) = postSolution
		SolutionGuid = {F1213372-60AA-4B22-8FD9-AACBDBF48F5C}
	EndGlobalSection
EndGlobal
